
Microsoft Visual Studio Solution File, Format Version 11.00
# Visual Studio 2010
Project("{FAE04EC0-301F-11D3-BF4B-00C04F79EFBC}") = "Unity.2D.Tilemap.Extras", "Unity.2D.Tilemap.Extras.csproj", "{29D5AC0F-C9A8-F38B-299A-AF2986FBB015}"
EndProject
Project("{FAE04EC0-301F-11D3-BF4B-00C04F79EFBC}") = "Assembly-CSharp", "Assembly-CSharp.csproj", "{3E471C8D-A15E-2F2A-BF0E-DC3C8CEFA466}"
EndProject
Project("{FAE04EC0-301F-11D3-BF4B-00C04F79EFBC}") = "Unity.2D.Tilemap.Extras.Editor", "Unity.2D.Tilemap.Extras.Editor.csproj", "{F75ADA3B-6E34-5B31-092C-07C7FBDD1CC4}"
EndProject
Project("{FAE04EC0-301F-11D3-BF4B-00C04F79EFBC}") = "Unity.2D.Tilemap.Extras.Placeholder.EditorTests", "Unity.2D.Tilemap.Extras.Placeholder.EditorTests.csproj", "{8F2E3A0E-4C24-B2E0-47D5-3F523BE75B65}"
EndProject
Global
	GlobalSection(SolutionConfigurationPlatforms) = preSolution
		Debug|Any CPU = Debug|Any CPU
		Release|Any CPU = Release|Any CPU
	EndGlobalSection
	GlobalSection(ProjectConfigurationPlatforms) = postSolution
		{29D5AC0F-C9A8-F38B-299A-AF2986FBB015}.Debug|Any CPU.ActiveCfg = Debug|Any CPU
		{29D5AC0F-C9A8-F38B-299A-AF2986FBB015}.Debug|Any CPU.Build.0 = Debug|Any CPU
		{29D5AC0F-C9A8-F38B-299A-AF2986FBB015}.Release|Any CPU.ActiveCfg = Release|Any CPU
		{29D5AC0F-C9A8-F38B-299A-AF2986FBB015}.Release|Any CPU.Build.0 = Release|Any CPU
		{3E471C8D-A15E-2F2A-BF0E-DC3C8CEFA466}.Debug|Any CPU.ActiveCfg = Debug|Any CPU
		{3E471C8D-A15E-2F2A-BF0E-DC3C8CEFA466}.Debug|Any CPU.Build.0 = Debug|Any CPU
		{3E471C8D-A15E-2F2A-BF0E-DC3C8CEFA466}.Release|Any CPU.ActiveCfg = Release|Any CPU
		{3E471C8D-A15E-2F2A-BF0E-DC3C8CEFA466}.Release|Any CPU.Build.0 = Release|Any CPU
		{F75ADA3B-6E34-5B31-092C-07C7FBDD1CC4}.Debug|Any CPU.ActiveCfg = Debug|Any CPU
		{F75ADA3B-6E34-5B31-092C-07C7FBDD1CC4}.Debug|Any CPU.Build.0 = Debug|Any CPU
		{F75ADA3B-6E34-5B31-092C-07C7FBDD1CC4}.Release|Any CPU.ActiveCfg = Release|Any CPU
		{F75ADA3B-6E34-5B31-092C-07C7FBDD1CC4}.Release|Any CPU.Build.0 = Release|Any CPU
		{8F2E3A0E-4C24-B2E0-47D5-3F523BE75B65}.Debug|Any CPU.ActiveCfg = Debug|Any CPU
		{8F2E3A0E-4C24-B2E0-47D5-3F523BE75B65}.Debug|Any CPU.Build.0 = Debug|Any CPU
		{8F2E3A0E-4C24-B2E0-47D5-3F523BE75B65}.Release|Any CPU.ActiveCfg = Release|Any CPU
		{8F2E3A0E-4C24-B2E0-47D5-3F523BE75B65}.Release|Any CPU.Build.0 = Release|Any CPU
	EndGlobalSection
	GlobalSection(SolutionProperties) = preSolution
		HideSolutionNode = FALSE
	EndGlobalSection
EndGlobal
